
Microsoft Visual Studio Solution File, Format Version 12.00
# Visual Studio Version 16
VisualStudioVersion = 16.0.31605.320
MinimumVisualStudioVersion = 10.0.40219.1
Project("{FAE04EC0-301F-11D3-BF4B-00C04F79EFBC}") = "Sitio_Web_VR222731", "Sitio_Web_VR222731.csproj", "{6FEBEBC2-2BA8-4825-93EA-969CCB5177F6}"
EndProject
Global
	GlobalSection(SolutionConfigurationPlatforms) = preSolution
		Debug|Any CPU = Debug|Any CPU
		Release|Any CPU = Release|Any CPU
	EndGlobalSection
	GlobalSection(ProjectConfigurationPlatforms) = postSolution
		{6FEBEBC2-2BA8-4825-93EA-969CCB5177F6}.Debug|Any CPU.ActiveCfg = Debug|Any CPU
		{6FEBEBC2-2BA8-4825-93EA-969CCB5177F6}.Debug|Any CPU.Build.0 = Debug|Any CPU
		{6FEBEBC2-2BA8-4825-93EA-969CCB5177F6}.Release|Any CPU.ActiveCfg = Release|Any CPU
		{6FEBEBC2-2BA8-4825-93EA-969CCB5177F6}.Release|Any CPU.Build.0 = Release|Any CPU
	EndGlobalSection
	GlobalSection(SolutionProperties) = preSolution
		HideSolutionNode = FALSE
	EndGlobalSection
	GlobalSection(ExtensibilityGlobals) = postSolution
		SolutionGuid = {D982CE10-E373-46E3-ABC5-CC25307BD95A}
	EndGlobalSection
EndGlobal
